// !$*UTF8*$!
{
	archiveVersion = 1;
	classes = {
	};
	objectVersion = 48;
	objects = {

/* Begin PBXBuildFile section */
		1E924139200451FA00739B0D /* AppDelegate.m in Sources */ = {isa = PBXBuildFile; fileRef = 1E924138200451FA00739B0D /* AppDelegate.m */; };
		1E92413C200451FB00739B0D /* ViewController.m in Sources */ = {isa = PBXBuildFile; fileRef = 1E92413B200451FB00739B0D /* ViewController.m */; };
		1E92413F200451FB00739B0D /* Main.storyboard in Resources */ = {isa = PBXBuildFile; fileRef = 1E92413D200451FB00739B0D /* Main.storyboard */; };
		1E924141200451FB00739B0D /* Assets.xcassets in Resources */ = {isa = PBXBuildFile; fileRef = 1E924140200451FB00739B0D /* Assets.xcassets */; };
		1E924144200451FB00739B0D /* LaunchScreen.storyboard in Resources */ = {isa = PBXBuildFile; fileRef = 1E924142200451FB00739B0D /* LaunchScreen.storyboard */; };
		1E924147200451FB00739B0D /* main.m in Sources */ = {isa = PBXBuildFile; fileRef = 1E924146200451FB00739B0D /* main.m */; };
		1E924151200451FB00739B0D /* TransitionTestTests.m in Sources */ = {isa = PBXBuildFile; fileRef = 1E924150200451FB00739B0D /* TransitionTestTests.m */; };
		1E92415C200451FB00739B0D /* TransitionTestUITests.m in Sources */ = {isa = PBXBuildFile; fileRef = 1E92415B200451FB00739B0D /* TransitionTestUITests.m */; };
/* End PBXBuildFile section */

/* Begin PBXContainerItemProxy section */
		1E92414D200451FB00739B0D /* PBXContainerItemProxy */ = {
			isa = PBXContainerItemProxy;
			containerPortal = 1E92412C200451FA00739B0D /* Project object */;
			proxyType = 1;
			remoteGlobalIDString = 1E924133200451FA00739B0D;
			remoteInfo = TransitionTest;
		};
		1E924158200451FB00739B0D /* PBXContainerItemProxy */ = {
			isa = PBXContainerItemProxy;
			containerPortal = 1E92412C200451FA00739B0D /* Project object */;
			proxyType = 1;
			remoteGlobalIDString = 1E924133200451FA00739B0D;
			remoteInfo = TransitionTest;
		};
/* End PBXContainerItemProxy section */

/* Begin PBXFileReference section */
		1E924134200451FA00739B0D /* TransitionTest.app */ = {isa = PBXFileReference; explicitFileType = wrapper.application; includeInIndex = 0; path = TransitionTest.app; sourceTree = BUILT_PRODUCTS_DIR; };
		1E924137200451FA00739B0D /* AppDelegate.h */ = {isa = PBXFileReference; lastKnownFileType = sourcecode.c.h; path = AppDelegate.h; sourceTree = "<group>"; };
		1E924138200451FA00739B0D /* AppDelegate.m */ = {isa = PBXFileReference; lastKnownFileType = sourcecode.c.objc; path = AppDelegate.m; sourceTree = "<group>"; };
		1E92413A200451FB00739B0D /* ViewController.h */ = {isa = PBXFileReference; lastKnownFileType = sourcecode.c.h; path = ViewController.h; sourceTree = "<group>"; };
		1E92413B200451FB00739B0D /* ViewController.m */ = {isa = PBXFileReference; lastKnownFileType = sourcecode.c.objc; path = ViewController.m; sourceTree = "<group>"; };
		1E92413E200451FB00739B0D /* Base */ = {isa = PBXFileReference; lastKnownFileType = file.storyboard; name = Base; path = Base.lproj/Main.storyboard; sourceTree = "<group>"; };
		1E924140200451FB00739B0D /* Assets.xcassets */ = {isa = PBXFileReference; lastKnownFileType = folder.assetcatalog; path = Assets.xcassets; sourceTree = "<group>"; };
		1E924143200451FB00739B0D /* Base */ = {isa = PBXFileReference; lastKnownFileType = file.storyboard; name = Base; path = Base.lproj/LaunchScreen.storyboard; sourceTree = "<group>"; };
		1E924145200451FB00739B0D /* Info.plist */ = {isa = PBXFileReference; lastKnownFileType = text.plist.xml; path = Info.plist; sourceTree = "<group>"; };
		1E924146200451FB00739B0D /* main.m */ = {isa = PBXFileReference; lastKnownFileType = sourcecode.c.objc; path = main.m; sourceTree = "<group>"; };
		1E92414C200451FB00739B0D /* TransitionTestTests.xctest */ = {isa = PBXFileReference; explicitFileType = wrapper.cfbundle; includeInIndex = 0; path = TransitionTestTests.xctest; sourceTree = BUILT_PRODUCTS_DIR; };
		1E924150200451FB00739B0D /* TransitionTestTests.m */ = {isa = PBXFileReference; lastKnownFileType = sourcecode.c.objc; path = TransitionTestTests.m; sourceTree = "<group>"; };
		1E924152200451FB00739B0D /* Info.plist */ = {isa = PBXFileReference; lastKnownFileType = text.plist.xml; path = Info.plist; sourceTree = "<group>"; };
		1E924157200451FB00739B0D /* TransitionTestUITests.xctest */ = {isa = PBXFileReference; explicitFileType = wrapper.cfbundle; includeInIndex = 0; path = TransitionTestUITests.xctest; sourceTree = BUILT_PRODUCTS_DIR; };
		1E92415B200451FB00739B0D /* TransitionTestUITests.m */ = {isa = PBXFileReference; lastKnownFileType = sourcecode.c.objc; path = TransitionTestUITests.m; sourceTree = "<group>"; };
		1E92415D200451FB00739B0D /* Info.plist */ = {isa = PBXFileReference; lastKnownFileType = text.plist.xml; path = Info.plist; sourceTree = "<group>"; };
/* End PBXFileReference section */

/* Begin PBXFrameworksBuildPhase section */
		1E924131200451FA00739B0D /* Frameworks */ = {
			isa = PBXFrameworksBuildPhase;
			buildActionMask = 2147483647;
			files = (
			);
			runOnlyForDeploymentPostprocessing = 0;
		};
		1E924149200451FB00739B0D /* Frameworks */ = {
			isa = PBXFrameworksBuildPhase;
			buildActionMask = 2147483647;
			files = (
			);
			runOnlyForDeploymentPostprocessing = 0;
		};
		1E924154200451FB00739B0D /* Frameworks */ = {
			isa = PBXFrameworksBuildPhase;
			buildActionMask = 2147483647;
			files = (
			);
			runOnlyForDeploymentPostprocessing = 0;
		};
/* End PBXFrameworksBuildPhase section */

/* Begin PBXGroup section */
		1E92412B200451FA00739B0D = {
			isa = PBXGroup;
			children = (
				1E924136200451FA00739B0D /* TransitionTest */,
				1E92414F200451FB00739B0D /* TransitionTestTests */,
				1E92415A200451FB00739B0D /* TransitionTestUITests */,
				1E924135200451FA00739B0D /* Products */,
			);
			sourceTree = "<group>";
		};
		1E924135200451FA00739B0D /* Products */ = {
			isa = PBXGroup;
			children = (
				1E924134200451FA00739B0D /* TransitionTest.app */,
				1E92414C200451FB00739B0D /* TransitionTestTests.xctest */,
				1E924157200451FB00739B0D /* TransitionTestUITests.xctest */,
			);
			name = Products;
			sourceTree = "<group>";
		};
		1E924136200451FA00739B0D /* TransitionTest */ = {
			isa = PBXGroup;
			children = (
				1E924137200451FA00739B0D /* AppDelegate.h */,
				1E924138200451FA00739B0D /* AppDelegate.m */,
				1E92413A200451FB00739B0D /* ViewController.h */,
				1E92413B200451FB00739B0D /* ViewController.m */,
				1E92413D200451FB00739B0D /* Main.storyboard */,
				1E924140200451FB00739B0D /* Assets.xcassets */,
				1E924142200451FB00739B0D /* LaunchScreen.storyboard */,
				1E924145200451FB00739B0D /* Info.plist */,
				1E924146200451FB00739B0D /* main.m */,
			);
			path = TransitionTest;
			sourceTree = "<group>";
		};
		1E92414F200451FB00739B0D /* TransitionTestTests */ = {
			isa = PBXGroup;
			children = (
				1E924150200451FB00739B0D /* TransitionTestTests.m */,
				1E924152200451FB00739B0D /* Info.plist */,
			);
			path = TransitionTestTests;
			sourceTree = "<group>";
		};
		1E92415A200451FB00739B0D /* TransitionTestUITests */ = {
			isa = PBXGroup;
			children = (
				1E92415B200451FB00739B0D /* TransitionTestUITests.m */,
				1E92415D200451FB00739B0D /* Info.plist */,
			);
			path = TransitionTestUITests;
			sourceTree = "<group>";
		};
/* End PBXGroup section */

/* Begin PBXNativeTarget section */
		1E924133200451FA00739B0D /* TransitionTest */ = {
			isa = PBXNativeTarget;
			buildConfigurationList = 1E924160200451FB00739B0D /* Build configuration list for PBXNativeTarget "TransitionTest" */;
			buildPhases = (
				1E924130200451FA00739B0D /* Sources */,
				1E924131200451FA00739B0D /* Frameworks */,
				1E924132200451FA00739B0D /* Resources */,
			);
			buildRules = (
			);
			dependencies = (
			);
			name = TransitionTest;
			productName = TransitionTest;
			productReference = 1E924134200451FA00739B0D /* TransitionTest.app */;
			productType = "com.apple.product-type.application";
		};
		1E92414B200451FB00739B0D /* TransitionTestTests */ = {
			isa = PBXNativeTarget;
			buildConfigurationList = 1E924163200451FB00739B0D /* Build configuration list for PBXNativeTarget "TransitionTestTests" */;
			buildPhases = (
				1E924148200451FB00739B0D /* Sources */,
				1E924149200451FB00739B0D /* Frameworks */,
				1E92414A200451FB00739B0D /* Resources */,
			);
			buildRules = (
			);
			dependencies = (
				1E92414E200451FB00739B0D /* PBXTargetDependency */,
			);
			name = TransitionTestTests;
			productName = TransitionTestTests;
			productReference = 1E92414C200451FB00739B0D /* TransitionTestTests.xctest */;
			productType = "com.apple.product-type.bundle.unit-test";
		};
		1E924156200451FB00739B0D /* TransitionTestUITests */ = {
			isa = PBXNativeTarget;
			buildConfigurationList = 1E924166200451FB00739B0D /* Build configuration list for PBXNativeTarget "TransitionTestUITests" */;
			buildPhases = (
				1E924153200451FB00739B0D /* Sources */,
				1E924154200451FB00739B0D /* Frameworks */,
				1E924155200451FB00739B0D /* Resources */,
			);
			buildRules = (
			);
			dependencies = (
				1E924159200451FB00739B0D /* PBXTargetDependency */,
			);
			name = TransitionTestUITests;
			productName = TransitionTestUITests;
			productReference = 1E924157200451FB00739B0D /* TransitionTestUITests.xctest */;
			productType = "com.apple.product-type.bundle.ui-testing";
		};
/* End PBXNativeTarget section */

/* Begin PBXProject section */
		1E92412C200451FA00739B0D /* Project object */ = {
			isa = PBXProject;
			attributes = {
				LastUpgradeCheck = 0920;
				ORGANIZATIONNAME = ytz;
				TargetAttributes = {
					1E924133200451FA00739B0D = {
						CreatedOnToolsVersion = 9.2;
						ProvisioningStyle = Automatic;
					};
					1E92414B200451FB00739B0D = {
						CreatedOnToolsVersion = 9.2;
						ProvisioningStyle = Automatic;
						TestTargetID = 1E924133200451FA00739B0D;
					};
					1E924156200451FB00739B0D = {
						CreatedOnToolsVersion = 9.2;
						ProvisioningStyle = Automatic;
						TestTargetID = 1E924133200451FA00739B0D;
					};
				};
			};
			buildConfigurationList = 1E92412F200451FA00739B0D /* Build configuration list for PBXProject "TransitionTest" */;
			compatibilityVersion = "Xcode 8.0";
			developmentRegion = en;
			hasScannedForEncodings = 0;
			knownRegions = (
				en,
				Base,
			);
			mainGroup = 1E92412B200451FA00739B0D;
			productRefGroup = 1E924135200451FA00739B0D /* Products */;
			projectDirPath = "";
			projectRoot = "";
			targets = (
				1E924133200451FA00739B0D /* TransitionTest */,
				1E92414B200451FB00739B0D /* TransitionTestTests */,
				1E924156200451FB00739B0D /* TransitionTestUITests */,
			);
		};
/* End PBXProject section */

/* Begin PBXResourcesBuildPhase section */
		1E924132200451FA00739B0D /* Resources */ = {
			isa = PBXResourcesBuildPhase;
			buildActionMask = 2147483647;
			files = (
				1E924144200451FB00739B0D /* LaunchScreen.storyboard in Resources */,
				1E924141200451FB00739B0D /* Assets.xcassets in Resources */,
				1E92413F200451FB00739B0D /* Main.storyboard in Resources */,
			);
			runOnlyForDeploymentPostprocessing = 0;
		};
		1E92414A200451FB00739B0D /* Resources */ = {
			isa = PBXResourcesBuildPhase;
			buildActionMask = 2147483647;
			files = (
			);
			runOnlyForDeploymentPostprocessing = 0;
		};
		1E924155200451FB00739B0D /* Resources */ = {
			isa = PBXResourcesBuildPhase;
			buildActionMask = 2147483647;
			files = (
			);
			runOnlyForDeploymentPostprocessing = 0;
		};
/* End PBXResourcesBuildPhase section */

/* Begin PBXSourcesBuildPhase section */
		1E924130200451FA00739B0D /* Sources */ = {
			isa = PBXSourcesBuildPhase;
			buildActionMask = 2147483647;
			files = (
				1E92413C200451FB00739B0D /* ViewController.m in Sources */,
				1E924147200451FB00739B0D /* main.m in Sources */,
				1E924139200451FA00739B0D /* AppDelegate.m in Sources */,
			);
			runOnlyForDeploymentPostprocessing = 0;
		};
		1E924148200451FB00739B0D /* Sources */ = {
			isa = PBXSourcesBuildPhase;
			buildActionMask = 2147483647;
			files = (
				1E924151200451FB00739B0D /* TransitionTestTests.m in Sources */,
			);
			runOnlyForDeploymentPostprocessing = 0;
		};
		1E924153200451FB00739B0D /* Sources */ = {
			isa = PBXSourcesBuildPhase;
			buildActionMask = 2147483647;
			files = (
				1E92415C200451FB00739B0D /* TransitionTestUITests.m in Sources */,
			);
			runOnlyForDeploymentPostprocessing = 0;
		};
/* End PBXSourcesBuildPhase section */

/* Begin PBXTargetDependency section */
		1E92414E200451FB00739B0D /* PBXTargetDependency */ = {
			isa = PBXTargetDependency;
			target = 1E924133200451FA00739B0D /* TransitionTest */;
			targetProxy = 1E92414D200451FB00739B0D /* PBXContainerItemProxy */;
		};
		1E924159200451FB00739B0D /* PBXTargetDependency */ = {
			isa = PBXTargetDependency;
			target = 1E924133200451FA00739B0D /* TransitionTest */;
			targetProxy = 1E924158200451FB00739B0D /* PBXContainerItemProxy */;
		};
/* End PBXTargetDependency section */

/* Begin PBXVariantGroup section */
		1E92413D200451FB00739B0D /* Main.storyboard */ = {
			isa = PBXVariantGroup;
			children = (
				1E92413E200451FB00739B0D /* Base */,
			);
			name = Main.storyboard;
			sourceTree = "<group>";
		};
		1E924142200451FB00739B0D /* LaunchScreen.storyboard */ = {
			isa = PBXVariantGroup;
			children = (
				1E924143200451FB00739B0D /* Base */,
			);
			name = LaunchScreen.storyboard;
			sourceTree = "<group>";
		};
/* End PBXVariantGroup section */

/* Begin XCBuildConfiguration section */
		1E92415E200451FB00739B0D /* Debug */ = {
			isa = XCBuildConfiguration;
			buildSettings = {
				ALWAYS_SEARCH_USER_PATHS = NO;
				CLANG_ANALYZER_NONNULL = YES;
				CLANG_ANALYZER_NUMBER_OBJECT_CONVERSION = YES_AGGRESSIVE;
				CLANG_CXX_LANGUAGE_STANDARD = "gnu++14";
				CLANG_CXX_LIBRARY = "libc++";
				CLANG_ENABLE_MODULES = YES;
				CLANG_ENABLE_OBJC_ARC = YES;
				CLANG_WARN_BLOCK_CAPTURE_AUTORELEASING = YES;
				CLANG_WARN_BOOL_CONVERSION = YES;
				CLANG_WARN_COMMA = YES;
				CLANG_WARN_CONSTANT_CONVERSION = YES;
				CLANG_WARN_DIRECT_OBJC_ISA_USAGE = YES_ERROR;
				CLANG_WARN_DOCUMENTATION_COMMENTS = YES;
				CLANG_WARN_EMPTY_BODY = YES;
				CLANG_WARN_ENUM_CONVERSION = YES;
				CLANG_WARN_INFINITE_RECURSION = YES;
				CLANG_WARN_INT_CONVERSION = YES;
				CLANG_WARN_NON_LITERAL_NULL_CONVERSION = YES;
				CLANG_WARN_OBJC_LITERAL_CONVERSION = YES;
				CLANG_WARN_OBJC_ROOT_CLASS = YES_ERROR;
				CLANG_WARN_RANGE_LOOP_ANALYSIS = YES;
				CLANG_WARN_STRICT_PROTOTYPES = YES;
				CLANG_WARN_SUSPICIOUS_MOVE = YES;
				CLANG_WARN_UNGUARDED_AVAILABILITY = YES_AGGRESSIVE;
				CLANG_WARN_UNREACHABLE_CODE = YES;
				CLANG_WARN__DUPLICATE_METHOD_MATCH = YES;
				CODE_SIGN_IDENTITY = "iPhone Developer";
				COPY_PHASE_STRIP = NO;
				DEBUG_INFORMATION_FORMAT = dwarf;
				ENABLE_STRICT_OBJC_MSGSEND = YES;
				ENABLE_TESTABILITY = YES;
				GCC_C_LANGUAGE_STANDARD = gnu11;
				GCC_DYNAMIC_NO_PIC = NO;
				GCC_NO_COMMON_BLOCKS = YES;
				GCC_OPTIMIZATION_LEVEL = 0;
				GCC_PREPROCESSOR_DEFINITIONS = (
					"DEBUG=1",
					"$(inherited)",
				);
				GCC_WARN_64_TO_32_BIT_CONVERSION = YES;
				GCC_WARN_ABOUT_RETURN_TYPE = YES_ERROR;
				GCC_WARN_UNDECLARED_SELECTOR = YES;
				GCC_WARN_UNINITIALIZED_AUTOS = YES_AGGRESSIVE;
				GCC_WARN_UNUSED_FUNCTION = YES;
				GCC_WARN_UNUSED_VARIABLE = YES;
				IPHONEOS_DEPLOYMENT_TARGET = 11.2;
				MTL_ENABLE_DEBUG_INFO = YES;
				ONLY_ACTIVE_ARCH = YES;
				SDKROOT = iphoneos;
			};
			name = Debug;
		};
		1E92415F200451FB00739B0D /* Release */ = {
			isa = XCBuildConfiguration;
			buildSettings = {
				ALWAYS_SEARCH_USER_PATHS = NO;
				CLANG_ANALYZER_NONNULL = YES;
				CLANG_ANALYZER_NUMBER_OBJECT_CONVERSION = YES_AGGRESSIVE;
				CLANG_CXX_LANGUAGE_STANDARD = "gnu++14";
				CLANG_CXX_LIBRARY = "libc++";
				CLANG_ENABLE_MODULES = YES;
				CLANG_ENABLE_OBJC_ARC = YES;
				CLANG_WARN_BLOCK_CAPTURE_AUTORELEASING = YES;
				CLANG_WARN_BOOL_CONVERSION = YES;
				CLANG_WARN_COMMA = YES;
				CLANG_WARN_CONSTANT_CONVERSION = YES;
				CLANG_WARN_DIRECT_OBJC_ISA_USAGE = YES_ERROR;
				CLANG_WARN_DOCUMENTATION_COMMENTS = YES;
				CLANG_WARN_EMPTY_BODY = YES;
				CLANG_WARN_ENUM_CONVERSION = YES;
				CLANG_WARN_INFINITE_RECURSION = YES;
				CLANG_WARN_INT_CONVERSION = YES;
				CLANG_WARN_NON_LITERAL_NULL_CONVERSION = YES;
				CLANG_WARN_OBJC_LITERAL_CONVERSION = YES;
				CLANG_WARN_OBJC_ROOT_CLASS = YES_ERROR;
				CLANG_WARN_RANGE_LOOP_ANALYSIS = YES;
				CLANG_WARN_STRICT_PROTOTYPES = YES;
				CLANG_WARN_SUSPICIOUS_MOVE = YES;
				CLANG_WARN_UNGUARDED_AVAILABILITY = YES_AGGRESSIVE;
				CLANG_WARN_UNREACHABLE_CODE = YES;
				CLANG_WARN__DUPLICATE_METHOD_MATCH = YES;
				CODE_SIGN_IDENTITY = "iPhone Developer";
				COPY_PHASE_STRIP = NO;
				DEBUG_INFORMATION_FORMAT = "dwarf-with-dsym";
				ENABLE_NS_ASSERTIONS = NO;
				ENABLE_STRICT_OBJC_MSGSEND = YES;
				GCC_C_LANGUAGE_STANDARD = gnu11;
				GCC_NO_COMMON_BLOCKS = YES;
				GCC_WARN_64_TO_32_BIT_CONVERSION = YES;
				GCC_WARN_ABOUT_RETURN_TYPE = YES_ERROR;
				GCC_WARN_UNDECLARED_SELECTOR = YES;
				GCC_WARN_UNINITIALIZED_AUTOS = YES_AGGRESSIVE;
				GCC_WARN_UNUSED_FUNCTION = YES;
				GCC_WARN_UNUSED_VARIABLE = YES;
				IPHONEOS_DEPLOYMENT_TARGET = 11.2;
				MTL_ENABLE_DEBUG_INFO = NO;
				SDKROOT = iphoneos;
				VALIDATE_PRODUCT = YES;
			};
			name = Release;
		};
		1E924161200451FB00739B0D /* Debug */ = {
			isa = XCBuildConfiguration;
			buildSettings = {
				ASSETCATALOG_COMPILER_APPICON_NAME = AppIcon;
				CODE_SIGN_STYLE = Automatic;
				INFOPLIST_FILE = TransitionTest/Info.plist;
				LD_RUNPATH_SEARCH_PATHS = "$(inherited) @executable_path/Frameworks";
				PRODUCT_BUNDLE_IDENTIFIER = com.yiz.TransitionTest;
				PRODUCT_NAME = "$(TARGET_NAME)";
				TARGETED_DEVICE_FAMILY = "1,2";
			};
			name = Debug;
		};
		1E924162200451FB00739B0D /* Release */ = {
			isa = XCBuildConfiguration;
			buildSettings = {
				ASSETCATALOG_COMPILER_APPICON_NAME = AppIcon;
				CODE_SIGN_STYLE = Automatic;
				INFOPLIST_FILE = TransitionTest/Info.plist;
				LD_RUNPATH_SEARCH_PATHS = "$(inherited) @executable_path/Frameworks";
				PRODUCT_BUNDLE_IDENTIFIER = com.yiz.TransitionTest;
				PRODUCT_NAME = "$(TARGET_NAME)";
				TARGETED_DEVICE_FAMILY = "1,2";
			};
			name = Release;
		};
		1E924164200451FB00739B0D /* Debug */ = {
			isa = XCBuildConfiguration;
			buildSettings = {
				BUNDLE_LOADER = "$(TEST_HOST)";
				CODE_SIGN_STYLE = Automatic;
				INFOPLIST_FILE = TransitionTestTests/Info.plist;
				LD_RUNPATH_SEARCH_PATHS = "$(inherited) @executable_path/Frameworks @loader_path/Frameworks";
				PRODUCT_BUNDLE_IDENTIFIER = com.yiz.TransitionTestTests;
				PRODUCT_NAME = "$(TARGET_NAME)";
				TARGETED_DEVICE_FAMILY = "1,2";
				TEST_HOST = "$(BUILT_PRODUCTS_DIR)/TransitionTest.app/TransitionTest";
			};
			name = Debug;
		};
		1E924165200451FB00739B0D /* Release */ = {
			isa = XCBuildConfiguration;
			buildSettings = {
				BUNDLE_LOADER = "$(TEST_HOST)";
				CODE_SIGN_STYLE = Automatic;
				INFOPLIST_FILE = TransitionTestTests/Info.plist;
				LD_RUNPATH_SEARCH_PATHS = "$(inherited) @executable_path/Frameworks @loader_path/Frameworks";
				PRODUCT_BUNDLE_IDENTIFIER = com.yiz.TransitionTestTests;
				PRODUCT_NAME = "$(TARGET_NAME)";
				TARGETED_DEVICE_FAMILY = "1,2";
				TEST_HOST = "$(BUILT_PRODUCTS_DIR)/TransitionTest.app/TransitionTest";
			};
			name = Release;
		};
		1E924167200451FB00739B0D /* Debug */ = {
			isa = XCBuildConfiguration;
			buildSettings = {
				CODE_SIGN_STYLE = Automatic;
				INFOPLIST_FILE = TransitionTestUITests/Info.plist;
				LD_RUNPATH_SEARCH_PATHS = "$(inherited) @executable_path/Frameworks @loader_path/Frameworks";
				PRODUCT_BUNDLE_IDENTIFIER = com.yiz.TransitionTestUITests;
				PRODUCT_NAME = "$(TARGET_NAME)";
				TARGETED_DEVICE_FAMILY = "1,2";
				TEST_TARGET_NAME = TransitionTest;
			};
			name = Debug;
		};
		1E924168200451FB00739B0D /* Release */ = {
			isa = XCBuildConfiguration;
			buildSettings = {
				CODE_SIGN_STYLE = Automatic;
				INFOPLIST_FILE = TransitionTestUITests/Info.plist;
				LD_RUNPATH_SEARCH_PATHS = "$(inherited) @executable_path/Frameworks @loader_path/Frameworks";
				PRODUCT_BUNDLE_IDENTIFIER = com.yiz.TransitionTestUITests;
				PRODUCT_NAME = "$(TARGET_NAME)";
				TARGETED_DEVICE_FAMILY = "1,2";
				TEST_TARGET_NAME = TransitionTest;
			};
			name = Release;
		};
/* End XCBuildConfiguration section */

/* Begin XCConfigurationList section */
		1E92412F200451FA00739B0D /* Build configuration list for PBXProject "TransitionTest" */ = {
			isa = XCConfigurationList;
			buildConfigurations = (
				1E92415E200451FB00739B0D /* Debug */,
				1E92415F200451FB00739B0D /* Release */,
			);
			defaultConfigurationIsVisible = 0;
			defaultConfigurationName = Release;
		};
		1E924160200451FB00739B0D /* Build configuration list for PBXNativeTarget "TransitionTest" */ = {
			isa = XCConfigurationList;
			buildConfigurations = (
				1E924161200451FB00739B0D /* Debug */,
				1E924162200451FB00739B0D /* Release */,
			);
			defaultConfigurationIsVisible = 0;
			defaultConfigurationName = Release;
		};
		1E924163200451FB00739B0D /* Build configuration list for PBXNativeTarget "TransitionTestTests" */ = {
			isa = XCConfigurationList;
			buildConfigurations = (
				1E924164200451FB00739B0D /* Debug */,
				1E924165200451FB00739B0D /* Release */,
			);
			defaultConfigurationIsVisible = 0;
			defaultConfigurationName = Release;
		};
		1E924166200451FB00739B0D /* Build configuration list for PBXNativeTarget "TransitionTestUITests" */ = {
			isa = XCConfigurationList;
			buildConfigurations = (
				1E924167200451FB00739B0D /* Debug */,
				1E924168200451FB00739B0D /* Release */,
			);
			defaultConfigurationIsVisible = 0;
			defaultConfigurationName = Release;
		};
/* End XCConfigurationList section */
	};
	rootObject = 1E92412C200451FA00739B0D /* Project object */;
}
